
Microsoft Visual Studio Solution File, Format Version 12.00
# Visual Studio Version 17
VisualStudioVersion = 17.5.33516.290
MinimumVisualStudioVersion = 10.0.40219.1
Project("{FAE04EC0-301F-11D3-BF4B-00C04F79EFBC}") = "WinFormsApp_HomeWork_1", "WinFormsApp_HomeWork_1.csproj", "{BEC268CB-A447-4D3E-9796-AA44CED786AD}"
EndProject
Global
	GlobalSection(SolutionConfigurationPlatforms) = preSolution
		Debug|Any CPU = Debug|Any CPU
		Release|Any CPU = Release|Any CPU
	EndGlobalSection
	GlobalSection(ProjectConfigurationPlatforms) = postSolution
		{BEC268CB-A447-4D3E-9796-AA44CED786AD}.Debug|Any CPU.ActiveCfg = Debug|Any CPU
		{BEC268CB-A447-4D3E-9796-AA44CED786AD}.Debug|Any CPU.Build.0 = Debug|Any CPU
		{BEC268CB-A447-4D3E-9796-AA44CED786AD}.Release|Any CPU.ActiveCfg = Release|Any CPU
		{BEC268CB-A447-4D3E-9796-AA44CED786AD}.Release|Any CPU.Build.0 = Release|Any CPU
	EndGlobalSection
	GlobalSection(SolutionProperties) = preSolution
		HideSolutionNode = FALSE
	EndGlobalSection
	GlobalSection(ExtensibilityGlobals) = postSolution
		SolutionGuid = {C53474C1-D2EA-4E97-89BD-4BA1623415C6}
	EndGlobalSection
EndGlobal
